concurrency:
  group: lock
jobs:
  lock:
    runs-on: self-hosted
    steps:
    - continue-on-error: true
      uses: dessant/lock-threads@v5
      with:
        issue-inactive-days: 7
        pr-inactive-days: 7
name: Lock Closed Issues and PRs
on:
  repository_dispatch:
    types: trigger-ga___lock.yaml
permissions:
  issues: write
  pull-requests: write
